
Microsoft Visual Studio Solution File, Format Version 12.00
# Visual Studio Version 17
VisualStudioVersion = 17.14.36408.4 d17.14
MinimumVisualStudioVersion = 10.0.40219.1
Project("{FAE04EC0-301F-11D3-BF4B-00C04F79EFBC}") = "Test.PL", "Test.PL.csproj", "{7CC4B6C5-A8C1-456F-8D52-79589FF23943}"
EndProject
Project("{FAE04EC0-301F-11D3-BF4B-00C04F79EFBC}") = "Test.DAL", "Test.DAL\Test.DAL.csproj", "{6EF695F5-E622-4DEF-94A8-CF583FB0AF74}"
EndProject
Project("{FAE04EC0-301F-11D3-BF4B-00C04F79EFBC}") = "Test.BLL", "Test.BLL\Test.BLL.csproj", "{2A1C31EC-DC6D-40F3-B709-41383D635421}"
EndProject
Global
	GlobalSection(SolutionConfigurationPlatforms) = preSolution
		Debug|Any CPU = Debug|Any CPU
		Release|Any CPU = Release|Any CPU
	EndGlobalSection
	GlobalSection(ProjectConfigurationPlatforms) = postSolution
		{7CC4B6C5-A8C1-456F-8D52-79589FF23943}.Debug|Any CPU.ActiveCfg = Debug|Any CPU
		{7CC4B6C5-A8C1-456F-8D52-79589FF23943}.Debug|Any CPU.Build.0 = Debug|Any CPU
		{7CC4B6C5-A8C1-456F-8D52-79589FF23943}.Release|Any CPU.ActiveCfg = Release|Any CPU
		{7CC4B6C5-A8C1-456F-8D52-79589FF23943}.Release|Any CPU.Build.0 = Release|Any CPU
		{6EF695F5-E622-4DEF-94A8-CF583FB0AF74}.Debug|Any CPU.ActiveCfg = Debug|Any CPU
		{6EF695F5-E622-4DEF-94A8-CF583FB0AF74}.Debug|Any CPU.Build.0 = Debug|Any CPU
		{6EF695F5-E622-4DEF-94A8-CF583FB0AF74}.Release|Any CPU.ActiveCfg = Release|Any CPU
		{6EF695F5-E622-4DEF-94A8-CF583FB0AF74}.Release|Any CPU.Build.0 = Release|Any CPU
		{2A1C31EC-DC6D-40F3-B709-41383D635421}.Debug|Any CPU.ActiveCfg = Debug|Any CPU
		{2A1C31EC-DC6D-40F3-B709-41383D635421}.Debug|Any CPU.Build.0 = Debug|Any CPU
		{2A1C31EC-DC6D-40F3-B709-41383D635421}.Release|Any CPU.ActiveCfg = Release|Any CPU
		{2A1C31EC-DC6D-40F3-B709-41383D635421}.Release|Any CPU.Build.0 = Release|Any CPU
	EndGlobalSection
	GlobalSection(SolutionProperties) = preSolution
		HideSolutionNode = FALSE
	EndGlobalSection
	GlobalSection(ExtensibilityGlobals) = postSolution
		SolutionGuid = {C1330732-6BA6-499D-B18B-940DD398B9D8}
	EndGlobalSection
EndGlobal
